
Microsoft Visual Studio Solution File, Format Version 12.00
# Visual Studio Version 16
VisualStudioVersion = 16.0.30717.126
MinimumVisualStudioVersion = 10.0.40219.1
Project("{FAE04EC0-301F-11D3-BF4B-00C04F79EFBC}") = "CodingEvents", "CodingEvents.csproj", "{CF7524FB-90A9-468D-9F59-C5020DF5449D}"
EndProject
Global
	GlobalSection(SolutionConfigurationPlatforms) = preSolution
		Debug|Any CPU = Debug|Any CPU
		Release|Any CPU = Release|Any CPU
	EndGlobalSection
	GlobalSection(ProjectConfigurationPlatforms) = postSolution
		{CF7524FB-90A9-468D-9F59-C5020DF5449D}.Debug|Any CPU.ActiveCfg = Debug|Any CPU
		{CF7524FB-90A9-468D-9F59-C5020DF5449D}.Debug|Any CPU.Build.0 = Debug|Any CPU
		{CF7524FB-90A9-468D-9F59-C5020DF5449D}.Release|Any CPU.ActiveCfg = Release|Any CPU
		{CF7524FB-90A9-468D-9F59-C5020DF5449D}.Release|Any CPU.Build.0 = Release|Any CPU
	EndGlobalSection
	GlobalSection(SolutionProperties) = preSolution
		HideSolutionNode = FALSE
	EndGlobalSection
	GlobalSection(ExtensibilityGlobals) = postSolution
		SolutionGuid = {BA456AFD-FBD5-47F1-8D27-B3F3BDFC9FEC}
	EndGlobalSection
EndGlobal
